
Microsoft Visual Studio Solution File, Format Version 12.00
# Visual Studio 2013
VisualStudioVersion = 12.0.21005.1
MinimumVisualStudioVersion = 10.0.40219.1
Project("{FAE04EC0-301F-11D3-BF4B-00C04F79EFBC}") = "1.1 iterator", "1.1 iterator\1.1 iterator.csproj", "{E7A85456-B172-4C66-8ACC-55B3F6D5381B}"
EndProject
Project("{FAE04EC0-301F-11D3-BF4B-00C04F79EFBC}") = "BinaryTreeTraversalByIteratorTest", "BinaryTreeTraversalByIteratorTest\BinaryTreeTraversalByIteratorTest.csproj", "{61D95A2B-14A4-4D72-B8FF-45B966BA3CB2}"
EndProject
Global
	GlobalSection(SolutionConfigurationPlatforms) = preSolution
		Debug|Any CPU = Debug|Any CPU
		Release|Any CPU = Release|Any CPU
	EndGlobalSection
	GlobalSection(ProjectConfigurationPlatforms) = postSolution
		{E7A85456-B172-4C66-8ACC-55B3F6D5381B}.Debug|Any CPU.ActiveCfg = Debug|Any CPU
		{E7A85456-B172-4C66-8ACC-55B3F6D5381B}.Debug|Any CPU.Build.0 = Debug|Any CPU
		{E7A85456-B172-4C66-8ACC-55B3F6D5381B}.Release|Any CPU.ActiveCfg = Release|Any CPU
		{E7A85456-B172-4C66-8ACC-55B3F6D5381B}.Release|Any CPU.Build.0 = Release|Any CPU
		{61D95A2B-14A4-4D72-B8FF-45B966BA3CB2}.Debug|Any CPU.ActiveCfg = Debug|Any CPU
		{61D95A2B-14A4-4D72-B8FF-45B966BA3CB2}.Debug|Any CPU.Build.0 = Debug|Any CPU
		{61D95A2B-14A4-4D72-B8FF-45B966BA3CB2}.Release|Any CPU.ActiveCfg = Release|Any CPU
		{61D95A2B-14A4-4D72-B8FF-45B966BA3CB2}.Release|Any CPU.Build.0 = Release|Any CPU
	EndGlobalSection
	GlobalSection(SolutionProperties) = preSolution
		HideSolutionNode = FALSE
	EndGlobalSection
EndGlobal
