
Microsoft Visual Studio Solution File, Format Version 12.00
# Visual Studio 2013
VisualStudioVersion = 12.0.21005.1
MinimumVisualStudioVersion = 10.0.40219.1
Project("{F2A71F9B-5D33-465A-A702-920D77279786}") = "3.3. evenNumber", "3.3. evenNumber\3.3. evenNumber.fsproj", "{936056F8-7F07-4703-8F38-9F4B85AC808C}"
EndProject
Global
	GlobalSection(SolutionConfigurationPlatforms) = preSolution
		Debug|Any CPU = Debug|Any CPU
		Release|Any CPU = Release|Any CPU
	EndGlobalSection
	GlobalSection(ProjectConfigurationPlatforms) = postSolution
		{936056F8-7F07-4703-8F38-9F4B85AC808C}.Debug|Any CPU.ActiveCfg = Debug|Any CPU
		{936056F8-7F07-4703-8F38-9F4B85AC808C}.Debug|Any CPU.Build.0 = Debug|Any CPU
		{936056F8-7F07-4703-8F38-9F4B85AC808C}.Release|Any CPU.ActiveCfg = Release|Any CPU
		{936056F8-7F07-4703-8F38-9F4B85AC808C}.Release|Any CPU.Build.0 = Release|Any CPU
	EndGlobalSection
	GlobalSection(SolutionProperties) = preSolution
		HideSolutionNode = FALSE
	EndGlobalSection
EndGlobal
