
Microsoft Visual Studio Solution File, Format Version 12.00
# Visual Studio 2013
VisualStudioVersion = 12.0.21005.1
MinimumVisualStudioVersion = 10.0.40219.1
Project("{F2A71F9B-5D33-465A-A702-920D77279786}") = "6.0. workflow", "6.0. workflow\6.0. workflow.fsproj", "{C33FFB19-A445-4648-964C-6EFDB1128608}"
EndProject
Global
	GlobalSection(SolutionConfigurationPlatforms) = preSolution
		Debug|Any CPU = Debug|Any CPU
		Release|Any CPU = Release|Any CPU
	EndGlobalSection
	GlobalSection(ProjectConfigurationPlatforms) = postSolution
		{C33FFB19-A445-4648-964C-6EFDB1128608}.Debug|Any CPU.ActiveCfg = Debug|Any CPU
		{C33FFB19-A445-4648-964C-6EFDB1128608}.Debug|Any CPU.Build.0 = Debug|Any CPU
		{C33FFB19-A445-4648-964C-6EFDB1128608}.Release|Any CPU.ActiveCfg = Release|Any CPU
		{C33FFB19-A445-4648-964C-6EFDB1128608}.Release|Any CPU.Build.0 = Release|Any CPU
	EndGlobalSection
	GlobalSection(SolutionProperties) = preSolution
		HideSolutionNode = FALSE
	EndGlobalSection
EndGlobal
