
Microsoft Visual Studio Solution File, Format Version 12.00
# Visual Studio 2013
VisualStudioVersion = 12.0.21005.1
MinimumVisualStudioVersion = 10.0.40219.1
Project("{FAE04EC0-301F-11D3-BF4B-00C04F79EFBC}") = "TermWork1", "TermWork1\TermWork1.csproj", "{270AF1A4-FCFF-4620-B718-892C00106F86}"
EndProject
Project("{FAE04EC0-301F-11D3-BF4B-00C04F79EFBC}") = "TermWork1.Test", "TermWork1.Test\TermWork1.Test.csproj", "{06EBCD56-8851-4FB2-AD7D-5A61F50AB43C}"
EndProject
Global
	GlobalSection(SolutionConfigurationPlatforms) = preSolution
		Debug|Any CPU = Debug|Any CPU
		Release|Any CPU = Release|Any CPU
	EndGlobalSection
	GlobalSection(ProjectConfigurationPlatforms) = postSolution
		{270AF1A4-FCFF-4620-B718-892C00106F86}.Debug|Any CPU.ActiveCfg = Debug|Any CPU
		{270AF1A4-FCFF-4620-B718-892C00106F86}.Debug|Any CPU.Build.0 = Debug|Any CPU
		{270AF1A4-FCFF-4620-B718-892C00106F86}.Release|Any CPU.ActiveCfg = Release|Any CPU
		{270AF1A4-FCFF-4620-B718-892C00106F86}.Release|Any CPU.Build.0 = Release|Any CPU
		{06EBCD56-8851-4FB2-AD7D-5A61F50AB43C}.Debug|Any CPU.ActiveCfg = Debug|Any CPU
		{06EBCD56-8851-4FB2-AD7D-5A61F50AB43C}.Debug|Any CPU.Build.0 = Debug|Any CPU
		{06EBCD56-8851-4FB2-AD7D-5A61F50AB43C}.Release|Any CPU.ActiveCfg = Release|Any CPU
		{06EBCD56-8851-4FB2-AD7D-5A61F50AB43C}.Release|Any CPU.Build.0 = Release|Any CPU
	EndGlobalSection
	GlobalSection(SolutionProperties) = preSolution
		HideSolutionNode = FALSE
	EndGlobalSection
EndGlobal
