
Microsoft Visual Studio Solution File, Format Version 12.00
# Visual Studio 2013
VisualStudioVersion = 12.0.21005.1
MinimumVisualStudioVersion = 10.0.40219.1
Project("{F2A71F9B-5D33-465A-A702-920D77279786}") = "7.0. streams", "7.0. streams\7.0. streams.fsproj", "{B64ADA2C-0907-471B-B941-D5A6A4DDDDEE}"
EndProject
Global
	GlobalSection(SolutionConfigurationPlatforms) = preSolution
		Debug|Any CPU = Debug|Any CPU
		Release|Any CPU = Release|Any CPU
	EndGlobalSection
	GlobalSection(ProjectConfigurationPlatforms) = postSolution
		{B64ADA2C-0907-471B-B941-D5A6A4DDDDEE}.Debug|Any CPU.ActiveCfg = Debug|Any CPU
		{B64ADA2C-0907-471B-B941-D5A6A4DDDDEE}.Debug|Any CPU.Build.0 = Debug|Any CPU
		{B64ADA2C-0907-471B-B941-D5A6A4DDDDEE}.Release|Any CPU.ActiveCfg = Release|Any CPU
		{B64ADA2C-0907-471B-B941-D5A6A4DDDDEE}.Release|Any CPU.Build.0 = Release|Any CPU
	EndGlobalSection
	GlobalSection(SolutionProperties) = preSolution
		HideSolutionNode = FALSE
	EndGlobalSection
EndGlobal
