
Microsoft Visual Studio Solution File, Format Version 12.00
# Visual Studio 2013
VisualStudioVersion = 12.0.21005.1
MinimumVisualStudioVersion = 10.0.40219.1
Project("{F2A71F9B-5D33-465A-A702-920D77279786}") = "5.2. iterator", "5.2. iterator\5.2. iterator.fsproj", "{5E4F4D1D-DB85-4C3B-9CA9-89A88B99CE77}"
EndProject
Global
	GlobalSection(SolutionConfigurationPlatforms) = preSolution
		Debug|Any CPU = Debug|Any CPU
		Release|Any CPU = Release|Any CPU
	EndGlobalSection
	GlobalSection(ProjectConfigurationPlatforms) = postSolution
		{5E4F4D1D-DB85-4C3B-9CA9-89A88B99CE77}.Debug|Any CPU.ActiveCfg = Debug|Any CPU
		{5E4F4D1D-DB85-4C3B-9CA9-89A88B99CE77}.Debug|Any CPU.Build.0 = Debug|Any CPU
		{5E4F4D1D-DB85-4C3B-9CA9-89A88B99CE77}.Release|Any CPU.ActiveCfg = Release|Any CPU
		{5E4F4D1D-DB85-4C3B-9CA9-89A88B99CE77}.Release|Any CPU.Build.0 = Release|Any CPU
	EndGlobalSection
	GlobalSection(SolutionProperties) = preSolution
		HideSolutionNode = FALSE
	EndGlobalSection
EndGlobal
