
Microsoft Visual Studio Solution File, Format Version 12.00
# Visual Studio 2013
VisualStudioVersion = 12.0.30501.0
MinimumVisualStudioVersion = 10.0.40219.1
Project("{F2A71F9B-5D33-465A-A702-920D77279786}") = "homework4_NewtonInterpolationPolynomial", "homework4_NewtonInterpolationPolynomial\homework4_NewtonInterpolationPolynomial.fsproj", "{A0DA812B-C912-4D00-BD06-E5DAAB03D61D}"
EndProject
Global
	GlobalSection(SolutionConfigurationPlatforms) = preSolution
		Debug|Any CPU = Debug|Any CPU
		Release|Any CPU = Release|Any CPU
	EndGlobalSection
	GlobalSection(ProjectConfigurationPlatforms) = postSolution
		{A0DA812B-C912-4D00-BD06-E5DAAB03D61D}.Debug|Any CPU.ActiveCfg = Debug|Any CPU
		{A0DA812B-C912-4D00-BD06-E5DAAB03D61D}.Debug|Any CPU.Build.0 = Debug|Any CPU
		{A0DA812B-C912-4D00-BD06-E5DAAB03D61D}.Release|Any CPU.ActiveCfg = Release|Any CPU
		{A0DA812B-C912-4D00-BD06-E5DAAB03D61D}.Release|Any CPU.Build.0 = Release|Any CPU
	EndGlobalSection
	GlobalSection(SolutionProperties) = preSolution
		HideSolutionNode = FALSE
	EndGlobalSection
EndGlobal
