
Microsoft Visual Studio Solution File, Format Version 12.00
# Visual Studio 2013
VisualStudioVersion = 12.0.21005.1
MinimumVisualStudioVersion = 10.0.40219.1
Project("{FAE04EC0-301F-11D3-BF4B-00C04F79EFBC}") = "2.4. calculator", "2.4. calculator\2.4. calculator.csproj", "{D94E5CA2-6A2D-4CDA-839F-F361044FFA7C}"
EndProject
Project("{FAE04EC0-301F-11D3-BF4B-00C04F79EFBC}") = "2.4. calculator.Test", "2.4. calculator.Test\2.4. calculator.Test.csproj", "{852F9574-5100-451B-A397-59AD32733169}"
EndProject
Global
	GlobalSection(SolutionConfigurationPlatforms) = preSolution
		Debug|Any CPU = Debug|Any CPU
		Release|Any CPU = Release|Any CPU
	EndGlobalSection
	GlobalSection(ProjectConfigurationPlatforms) = postSolution
		{D94E5CA2-6A2D-4CDA-839F-F361044FFA7C}.Debug|Any CPU.ActiveCfg = Debug|Any CPU
		{D94E5CA2-6A2D-4CDA-839F-F361044FFA7C}.Debug|Any CPU.Build.0 = Debug|Any CPU
		{D94E5CA2-6A2D-4CDA-839F-F361044FFA7C}.Release|Any CPU.ActiveCfg = Release|Any CPU
		{D94E5CA2-6A2D-4CDA-839F-F361044FFA7C}.Release|Any CPU.Build.0 = Release|Any CPU
		{852F9574-5100-451B-A397-59AD32733169}.Debug|Any CPU.ActiveCfg = Debug|Any CPU
		{852F9574-5100-451B-A397-59AD32733169}.Debug|Any CPU.Build.0 = Debug|Any CPU
		{852F9574-5100-451B-A397-59AD32733169}.Release|Any CPU.ActiveCfg = Release|Any CPU
		{852F9574-5100-451B-A397-59AD32733169}.Release|Any CPU.Build.0 = Release|Any CPU
	EndGlobalSection
	GlobalSection(SolutionProperties) = preSolution
		HideSolutionNode = FALSE
	EndGlobalSection
EndGlobal
