
Microsoft Visual Studio Solution File, Format Version 12.00
# Visual Studio 2013
VisualStudioVersion = 12.0.21005.1
MinimumVisualStudioVersion = 10.0.40219.1
Project("{F2A71F9B-5D33-465A-A702-920D77279786}") = "2.5. palindrome", "2.5. palindrome\2.5. palindrome.fsproj", "{F165844D-BCCE-4509-9F99-A81032D906EA}"
EndProject
Global
	GlobalSection(SolutionConfigurationPlatforms) = preSolution
		Debug|Any CPU = Debug|Any CPU
		Release|Any CPU = Release|Any CPU
	EndGlobalSection
	GlobalSection(ProjectConfigurationPlatforms) = postSolution
		{F165844D-BCCE-4509-9F99-A81032D906EA}.Debug|Any CPU.ActiveCfg = Debug|Any CPU
		{F165844D-BCCE-4509-9F99-A81032D906EA}.Debug|Any CPU.Build.0 = Debug|Any CPU
		{F165844D-BCCE-4509-9F99-A81032D906EA}.Release|Any CPU.ActiveCfg = Release|Any CPU
		{F165844D-BCCE-4509-9F99-A81032D906EA}.Release|Any CPU.Build.0 = Release|Any CPU
	EndGlobalSection
	GlobalSection(SolutionProperties) = preSolution
		HideSolutionNode = FALSE
	EndGlobalSection
EndGlobal
