
Microsoft Visual Studio Solution File, Format Version 12.00
# Visual Studio 2013
VisualStudioVersion = 12.0.21005.1
MinimumVisualStudioVersion = 10.0.40219.1
Project("{F2A71F9B-5D33-465A-A702-920D77279786}") = "4.5. mapForTree", "4.5. mapForTree\4.5. mapForTree.fsproj", "{B9B05B3B-0631-4CCE-B5E9-8BE4A44F3848}"
EndProject
Global
	GlobalSection(SolutionConfigurationPlatforms) = preSolution
		Debug|Any CPU = Debug|Any CPU
		Release|Any CPU = Release|Any CPU
	EndGlobalSection
	GlobalSection(ProjectConfigurationPlatforms) = postSolution
		{B9B05B3B-0631-4CCE-B5E9-8BE4A44F3848}.Debug|Any CPU.ActiveCfg = Debug|Any CPU
		{B9B05B3B-0631-4CCE-B5E9-8BE4A44F3848}.Debug|Any CPU.Build.0 = Debug|Any CPU
		{B9B05B3B-0631-4CCE-B5E9-8BE4A44F3848}.Release|Any CPU.ActiveCfg = Release|Any CPU
		{B9B05B3B-0631-4CCE-B5E9-8BE4A44F3848}.Release|Any CPU.Build.0 = Release|Any CPU
	EndGlobalSection
	GlobalSection(SolutionProperties) = preSolution
		HideSolutionNode = FALSE
	EndGlobalSection
EndGlobal
