
Microsoft Visual Studio Solution File, Format Version 12.00
# Visual Studio 2013
VisualStudioVersion = 12.0.21005.1
MinimumVisualStudioVersion = 10.0.40219.1
Project("{FAE04EC0-301F-11D3-BF4B-00C04F79EFBC}") = "5.1. Map", "5.1. Map\5.1. Map.csproj", "{CE275707-4AF8-4282-AF60-4968CA83572A}"
EndProject
Project("{FAE04EC0-301F-11D3-BF4B-00C04F79EFBC}") = "MapTest", "MapTest\MapTest.csproj", "{4135E5AB-076E-445A-9BF3-2FD05C573911}"
EndProject
Project("{FAE04EC0-301F-11D3-BF4B-00C04F79EFBC}") = "FilterTest", "FilterTest\FilterTest.csproj", "{5DC5801E-D6AD-46E5-A38F-22D3BC1EB845}"
EndProject
Project("{FAE04EC0-301F-11D3-BF4B-00C04F79EFBC}") = "FoldTest", "FoldTest\FoldTest.csproj", "{2A09056D-D24C-4B38-AA62-9981E6D95EA5}"
EndProject
Global
	GlobalSection(SolutionConfigurationPlatforms) = preSolution
		Debug|Any CPU = Debug|Any CPU
		Release|Any CPU = Release|Any CPU
	EndGlobalSection
	GlobalSection(ProjectConfigurationPlatforms) = postSolution
		{CE275707-4AF8-4282-AF60-4968CA83572A}.Debug|Any CPU.ActiveCfg = Debug|Any CPU
		{CE275707-4AF8-4282-AF60-4968CA83572A}.Debug|Any CPU.Build.0 = Debug|Any CPU
		{CE275707-4AF8-4282-AF60-4968CA83572A}.Release|Any CPU.ActiveCfg = Release|Any CPU
		{CE275707-4AF8-4282-AF60-4968CA83572A}.Release|Any CPU.Build.0 = Release|Any CPU
		{4135E5AB-076E-445A-9BF3-2FD05C573911}.Debug|Any CPU.ActiveCfg = Debug|Any CPU
		{4135E5AB-076E-445A-9BF3-2FD05C573911}.Debug|Any CPU.Build.0 = Debug|Any CPU
		{4135E5AB-076E-445A-9BF3-2FD05C573911}.Release|Any CPU.ActiveCfg = Release|Any CPU
		{4135E5AB-076E-445A-9BF3-2FD05C573911}.Release|Any CPU.Build.0 = Release|Any CPU
		{5DC5801E-D6AD-46E5-A38F-22D3BC1EB845}.Debug|Any CPU.ActiveCfg = Debug|Any CPU
		{5DC5801E-D6AD-46E5-A38F-22D3BC1EB845}.Debug|Any CPU.Build.0 = Debug|Any CPU
		{5DC5801E-D6AD-46E5-A38F-22D3BC1EB845}.Release|Any CPU.ActiveCfg = Release|Any CPU
		{5DC5801E-D6AD-46E5-A38F-22D3BC1EB845}.Release|Any CPU.Build.0 = Release|Any CPU
		{2A09056D-D24C-4B38-AA62-9981E6D95EA5}.Debug|Any CPU.ActiveCfg = Debug|Any CPU
		{2A09056D-D24C-4B38-AA62-9981E6D95EA5}.Debug|Any CPU.Build.0 = Debug|Any CPU
		{2A09056D-D24C-4B38-AA62-9981E6D95EA5}.Release|Any CPU.ActiveCfg = Release|Any CPU
		{2A09056D-D24C-4B38-AA62-9981E6D95EA5}.Release|Any CPU.Build.0 = Release|Any CPU
	EndGlobalSection
	GlobalSection(SolutionProperties) = preSolution
		HideSolutionNode = FALSE
	EndGlobalSection
EndGlobal
