
Microsoft Visual Studio Solution File, Format Version 12.00
# Visual Studio 2013
VisualStudioVersion = 12.0.21005.1
MinimumVisualStudioVersion = 10.0.40219.1
Project("{FAE04EC0-301F-11D3-BF4B-00C04F79EFBC}") = "1.2. fibonacci", "1.2. fibonacci\1.2. fibonacci.csproj", "{A39FA9E0-5245-4E37-8492-4646A4D7A8E4}"
EndProject
Project("{FAE04EC0-301F-11D3-BF4B-00C04F79EFBC}") = "1.2. fibonacci.Tests", "1.2. fibonacci.Tests\1.2. fibonacci.Tests.csproj", "{EA47ADCA-9783-4728-BB48-FFC5DECF1F93}"
EndProject
Global
	GlobalSection(SolutionConfigurationPlatforms) = preSolution
		Debug|Any CPU = Debug|Any CPU
		Release|Any CPU = Release|Any CPU
	EndGlobalSection
	GlobalSection(ProjectConfigurationPlatforms) = postSolution
		{A39FA9E0-5245-4E37-8492-4646A4D7A8E4}.Debug|Any CPU.ActiveCfg = Debug|Any CPU
		{A39FA9E0-5245-4E37-8492-4646A4D7A8E4}.Debug|Any CPU.Build.0 = Debug|Any CPU
		{A39FA9E0-5245-4E37-8492-4646A4D7A8E4}.Release|Any CPU.ActiveCfg = Release|Any CPU
		{A39FA9E0-5245-4E37-8492-4646A4D7A8E4}.Release|Any CPU.Build.0 = Release|Any CPU
		{EA47ADCA-9783-4728-BB48-FFC5DECF1F93}.Debug|Any CPU.ActiveCfg = Debug|Any CPU
		{EA47ADCA-9783-4728-BB48-FFC5DECF1F93}.Debug|Any CPU.Build.0 = Debug|Any CPU
		{EA47ADCA-9783-4728-BB48-FFC5DECF1F93}.Release|Any CPU.ActiveCfg = Release|Any CPU
		{EA47ADCA-9783-4728-BB48-FFC5DECF1F93}.Release|Any CPU.Build.0 = Release|Any CPU
	EndGlobalSection
	GlobalSection(SolutionProperties) = preSolution
		HideSolutionNode = FALSE
	EndGlobalSection
EndGlobal
