
Microsoft Visual Studio Solution File, Format Version 12.00
# Visual Studio 2013
VisualStudioVersion = 12.0.21005.1
MinimumVisualStudioVersion = 10.0.40219.1
Project("{FAE04EC0-301F-11D3-BF4B-00C04F79EFBC}") = "2.1.stack", "2.1.stack\2.1.stack.csproj", "{F6705E00-632F-4611-A0FB-D8A60FFB15B6}"
EndProject
Global
	GlobalSection(SolutionConfigurationPlatforms) = preSolution
		Debug|Any CPU = Debug|Any CPU
		Release|Any CPU = Release|Any CPU
	EndGlobalSection
	GlobalSection(ProjectConfigurationPlatforms) = postSolution
		{F6705E00-632F-4611-A0FB-D8A60FFB15B6}.Debug|Any CPU.ActiveCfg = Debug|Any CPU
		{F6705E00-632F-4611-A0FB-D8A60FFB15B6}.Debug|Any CPU.Build.0 = Debug|Any CPU
		{F6705E00-632F-4611-A0FB-D8A60FFB15B6}.Release|Any CPU.ActiveCfg = Release|Any CPU
		{F6705E00-632F-4611-A0FB-D8A60FFB15B6}.Release|Any CPU.Build.0 = Release|Any CPU
	EndGlobalSection
	GlobalSection(SolutionProperties) = preSolution
		HideSolutionNode = FALSE
	EndGlobalSection
EndGlobal
